// !$*UTF8*$!
{
	archiveVersion = 1;
	classes = {
	};
	objectVersion = 56;
	objects = {

/* Begin PBXBuildFile section */
		BF8B7260296E5CBA00809784 /* BallView.swift in Sources */ = {isa = PBXBuildFile; fileRef = BF8B725F296E5CBA00809784 /* BallView.swift */; };
		BFA3E86529777C3A001FEE8F /* GridCellView.swift in Sources */ = {isa = PBXBuildFile; fileRef = BFA3E86429777C3A001FEE8F /* GridCellView.swift */; };
		BFBCAAB92977088D00B154C5 /* GameModel.swift in Sources */ = {isa = PBXBuildFile; fileRef = BFBCAAB82977088D00B154C5 /* GameModel.swift */; };
		BFBCAABB2977143200B154C5 /* NextFiguresView.swift in Sources */ = {isa = PBXBuildFile; fileRef = BFBCAABA2977143200B154C5 /* NextFiguresView.swift */; };
		BFBCAABD297729FB00B154C5 /* GameButtonsView.swift in Sources */ = {isa = PBXBuildFile; fileRef = BFBCAABC297729FB00B154C5 /* GameButtonsView.swift */; };
		BFE16961296D000000AFAC8C /* FigureModel.swift in Sources */ = {isa = PBXBuildFile; fileRef = BFE16960296D000000AFAC8C /* FigureModel.swift */; };
		BFE16963296D00F200AFAC8C /* ColorLinesViewModel.swift in Sources */ = {isa = PBXBuildFile; fileRef = BFE16962296D00F200AFAC8C /* ColorLinesViewModel.swift */; };
		BFE16967296D0BA900AFAC8C /* GameFieldView.swift in Sources */ = {isa = PBXBuildFile; fileRef = BFE16966296D0BA900AFAC8C /* GameFieldView.swift */; };
		BFE6A5ED296CFA4700140077 /* ColorLinesApp.swift in Sources */ = {isa = PBXBuildFile; fileRef = BFE6A5EC296CFA4700140077 /* ColorLinesApp.swift */; };
		BFE6A5EF296CFA4700140077 /* MainView.swift in Sources */ = {isa = PBXBuildFile; fileRef = BFE6A5EE296CFA4700140077 /* MainView.swift */; };
		BFE6A5F1296CFA4800140077 /* Assets.xcassets in Resources */ = {isa = PBXBuildFile; fileRef = BFE6A5F0296CFA4800140077 /* Assets.xcassets */; };
		BFE6A5F4296CFA4800140077 /* Preview Assets.xcassets in Resources */ = {isa = PBXBuildFile; fileRef = BFE6A5F3296CFA4800140077 /* Preview Assets.xcassets */; };
/* End PBXBuildFile section */

/* Begin PBXFileReference section */
		BF6F7BA62979F5F3009DBB79 /* Info.plist */ = {isa = PBXFileReference; lastKnownFileType = text.plist; path = Info.plist; sourceTree = "<group>"; };
		BF8B725F296E5CBA00809784 /* BallView.swift */ = {isa = PBXFileReference; lastKnownFileType = sourcecode.swift; path = BallView.swift; sourceTree = "<group>"; };
		BFA3E86429777C3A001FEE8F /* GridCellView.swift */ = {isa = PBXFileReference; lastKnownFileType = sourcecode.swift; path = GridCellView.swift; sourceTree = "<group>"; };
		BFBCAAB82977088D00B154C5 /* GameModel.swift */ = {isa = PBXFileReference; lastKnownFileType = sourcecode.swift; path = GameModel.swift; sourceTree = "<group>"; };
		BFBCAABA2977143200B154C5 /* NextFiguresView.swift */ = {isa = PBXFileReference; lastKnownFileType = sourcecode.swift; path = NextFiguresView.swift; sourceTree = "<group>"; };
		BFBCAABC297729FB00B154C5 /* GameButtonsView.swift */ = {isa = PBXFileReference; lastKnownFileType = sourcecode.swift; path = GameButtonsView.swift; sourceTree = "<group>"; };
		BFE16960296D000000AFAC8C /* FigureModel.swift */ = {isa = PBXFileReference; lastKnownFileType = sourcecode.swift; path = FigureModel.swift; sourceTree = "<group>"; };
		BFE16962296D00F200AFAC8C /* ColorLinesViewModel.swift */ = {isa = PBXFileReference; lastKnownFileType = sourcecode.swift; path = ColorLinesViewModel.swift; sourceTree = "<group>"; };
		BFE16966296D0BA900AFAC8C /* GameFieldView.swift */ = {isa = PBXFileReference; lastKnownFileType = sourcecode.swift; path = GameFieldView.swift; sourceTree = "<group>"; };
		BFE6A5E9296CFA4700140077 /* ColorLines.app */ = {isa = PBXFileReference; explicitFileType = wrapper.application; includeInIndex = 0; path = ColorLines.app; sourceTree = BUILT_PRODUCTS_DIR; };
		BFE6A5EC296CFA4700140077 /* ColorLinesApp.swift */ = {isa = PBXFileReference; lastKnownFileType = sourcecode.swift; path = ColorLinesApp.swift; sourceTree = "<group>"; };
		BFE6A5EE296CFA4700140077 /* MainView.swift */ = {isa = PBXFileReference; lastKnownFileType = sourcecode.swift; path = MainView.swift; sourceTree = "<group>"; };
		BFE6A5F0296CFA4800140077 /* Assets.xcassets */ = {isa = PBXFileReference; lastKnownFileType = folder.assetcatalog; path = Assets.xcassets; sourceTree = "<group>"; };
		BFE6A5F3296CFA4800140077 /* Preview Assets.xcassets */ = {isa = PBXFileReference; lastKnownFileType = folder.assetcatalog; path = "Preview Assets.xcassets"; sourceTree = "<group>"; };
/* End PBXFileReference section */

/* Begin PBXFrameworksBuildPhase section */
		BFE6A5E6296CFA4700140077 /* Frameworks */ = {
			isa = PBXFrameworksBuildPhase;
			buildActionMask = 2147483647;
			files = (
			);
			runOnlyForDeploymentPostprocessing = 0;
		};
/* End PBXFrameworksBuildPhase section */

/* Begin PBXGroup section */
		BFE6A5E0296CFA4700140077 = {
			isa = PBXGroup;
			children = (
				BFE6A5EB296CFA4700140077 /* ColorLines */,
				BFE6A5EA296CFA4700140077 /* Products */,
			);
			sourceTree = "<group>";
		};
		BFE6A5EA296CFA4700140077 /* Products */ = {
			isa = PBXGroup;
			children = (
				BFE6A5E9296CFA4700140077 /* ColorLines.app */,
			);
			name = Products;
			sourceTree = "<group>";
		};
		BFE6A5EB296CFA4700140077 /* ColorLines */ = {
			isa = PBXGroup;
			children = (
				BF6F7BA62979F5F3009DBB79 /* Info.plist */,
				BFE6A5FB296CFAF300140077 /* Models */,
				BFE6A5FA296CFAE400140077 /* Views */,
				BFE6A5EC296CFA4700140077 /* ColorLinesApp.swift */,
				BFE6A5F0296CFA4800140077 /* Assets.xcassets */,
				BFE6A5F2296CFA4800140077 /* Preview Content */,
			);
			path = ColorLines;
			sourceTree = "<group>";
		};
		BFE6A5F2296CFA4800140077 /* Preview Content */ = {
			isa = PBXGroup;
			children = (
				BFE6A5F3296CFA4800140077 /* Preview Assets.xcassets */,
			);
			path = "Preview Content";
			sourceTree = "<group>";
		};
		BFE6A5FA296CFAE400140077 /* Views */ = {
			isa = PBXGroup;
			children = (
				BFE6A5EE296CFA4700140077 /* MainView.swift */,
				BFE16966296D0BA900AFAC8C /* GameFieldView.swift */,
				BF8B725F296E5CBA00809784 /* BallView.swift */,
				BFBCAABA2977143200B154C5 /* NextFiguresView.swift */,
				BFBCAABC297729FB00B154C5 /* GameButtonsView.swift */,
				BFA3E86429777C3A001FEE8F /* GridCellView.swift */,
			);
			path = Views;
			sourceTree = "<group>";
		};
		BFE6A5FB296CFAF300140077 /* Models */ = {
			isa = PBXGroup;
			children = (
				BFE16960296D000000AFAC8C /* FigureModel.swift */,
				BFE16962296D00F200AFAC8C /* ColorLinesViewModel.swift */,
				BFBCAAB82977088D00B154C5 /* GameModel.swift */,
			);
			path = Models;
			sourceTree = "<group>";
		};
/* End PBXGroup section */

/* Begin PBXNativeTarget section */
		BFE6A5E8296CFA4700140077 /* ColorLines */ = {
			isa = PBXNativeTarget;
			buildConfigurationList = BFE6A5F7296CFA4800140077 /* Build configuration list for PBXNativeTarget "ColorLines" */;
			buildPhases = (
				BFE6A5E5296CFA4700140077 /* Sources */,
				BFE6A5E6296CFA4700140077 /* Frameworks */,
				BFE6A5E7296CFA4700140077 /* Resources */,
			);
			buildRules = (
			);
			dependencies = (
			);
			name = ColorLines;
			productName = ColorLines;
			productReference = BFE6A5E9296CFA4700140077 /* ColorLines.app */;
			productType = "com.apple.product-type.application";
		};
/* End PBXNativeTarget section */

/* Begin PBXProject section */
		BFE6A5E1296CFA4700140077 /* Project object */ = {
			isa = PBXProject;
			attributes = {
				BuildIndependentTargetsInParallel = 1;
				LastSwiftUpdateCheck = 1420;
				LastUpgradeCheck = 1420;
				TargetAttributes = {
					BFE6A5E8296CFA4700140077 = {
						CreatedOnToolsVersion = 14.2;
					};
				};
			};
			buildConfigurationList = BFE6A5E4296CFA4700140077 /* Build configuration list for PBXProject "ColorLines" */;
			compatibilityVersion = "Xcode 14.0";
			developmentRegion = en;
			hasScannedForEncodings = 0;
			knownRegions = (
				en,
				Base,
			);
			mainGroup = BFE6A5E0296CFA4700140077;
			productRefGroup = BFE6A5EA296CFA4700140077 /* Products */;
			projectDirPath = "";
			projectRoot = "";
			targets = (
				BFE6A5E8296CFA4700140077 /* ColorLines */,
			);
		};
/* End PBXProject section */

/* Begin PBXResourcesBuildPhase section */
		BFE6A5E7296CFA4700140077 /* Resources */ = {
			isa = PBXResourcesBuildPhase;
			buildActionMask = 2147483647;
			files = (
				BFE6A5F4296CFA4800140077 /* Preview Assets.xcassets in Resources */,
				BFE6A5F1296CFA4800140077 /* Assets.xcassets in Resources */,
			);
			runOnlyForDeploymentPostprocessing = 0;
		};
/* End PBXResourcesBuildPhase section */

/* Begin PBXSourcesBuildPhase section */
		BFE6A5E5296CFA4700140077 /* Sources */ = {
			isa = PBXSourcesBuildPhase;
			buildActionMask = 2147483647;
			files = (
				BFE16961296D000000AFAC8C /* FigureModel.swift in Sources */,
				BFE6A5EF296CFA4700140077 /* MainView.swift in Sources */,
				BFE16967296D0BA900AFAC8C /* GameFieldView.swift in Sources */,
				BF8B7260296E5CBA00809784 /* BallView.swift in Sources */,
				BFE16963296D00F200AFAC8C /* ColorLinesViewModel.swift in Sources */,
				BFBCAABD297729FB00B154C5 /* GameButtonsView.swift in Sources */,
				BFBCAAB92977088D00B154C5 /* GameModel.swift in Sources */,
				BFE6A5ED296CFA4700140077 /* ColorLinesApp.swift in Sources */,
				BFA3E86529777C3A001FEE8F /* GridCellView.swift in Sources */,
				BFBCAABB2977143200B154C5 /* NextFiguresView.swift in Sources */,
			);
			runOnlyForDeploymentPostprocessing = 0;
		};
/* End PBXSourcesBuildPhase section */

/* Begin XCBuildConfiguration section */
		BFE6A5F5296CFA4800140077 /* Debug */ = {
			isa = XCBuildConfiguration;
			buildSettings = {
				ALWAYS_SEARCH_USER_PATHS = NO;
				CLANG_ANALYZER_NONNULL = YES;
				CLANG_ANALYZER_NUMBER_OBJECT_CONVERSION = YES_AGGRESSIVE;
				CLANG_CXX_LANGUAGE_STANDARD = "gnu++20";
				CLANG_ENABLE_MODULES = YES;
				CLANG_ENABLE_OBJC_ARC = YES;
				CLANG_ENABLE_OBJC_WEAK = YES;
				CLANG_WARN_BLOCK_CAPTURE_AUTORELEASING = YES;
				CLANG_WARN_BOOL_CONVERSION = YES;
				CLANG_WARN_COMMA = YES;
				CLANG_WARN_CONSTANT_CONVERSION = YES;
				CLANG_WARN_DEPRECATED_OBJC_IMPLEMENTATIONS = YES;
				CLANG_WARN_DIRECT_OBJC_ISA_USAGE = YES_ERROR;
				CLANG_WARN_DOCUMENTATION_COMMENTS = YES;
				CLANG_WARN_EMPTY_BODY = YES;
				CLANG_WARN_ENUM_CONVERSION = YES;
				CLANG_WARN_INFINITE_RECURSION = YES;
				CLANG_WARN_INT_CONVERSION = YES;
				CLANG_WARN_NON_LITERAL_NULL_CONVERSION = YES;
				CLANG_WARN_OBJC_IMPLICIT_RETAIN_SELF = YES;
				CLANG_WARN_OBJC_LITERAL_CONVERSION = YES;
				CLANG_WARN_OBJC_ROOT_CLASS = YES_ERROR;
				CLANG_WARN_QUOTED_INCLUDE_IN_FRAMEWORK_HEADER = YES;
				CLANG_WARN_RANGE_LOOP_ANALYSIS = YES;
				CLANG_WARN_STRICT_PROTOTYPES = YES;
				CLANG_WARN_SUSPICIOUS_MOVE = YES;
				CLANG_WARN_UNGUARDED_AVAILABILITY = YES_AGGRESSIVE;
				CLANG_WARN_UNREACHABLE_CODE = YES;
				CLANG_WARN__DUPLICATE_METHOD_MATCH = YES;
				COPY_PHASE_STRIP = NO;
				DEBUG_INFORMATION_FORMAT = dwarf;
				ENABLE_STRICT_OBJC_MSGSEND = YES;
				ENABLE_TESTABILITY = YES;
				GCC_C_LANGUAGE_STANDARD = gnu11;
				GCC_DYNAMIC_NO_PIC = NO;
				GCC_NO_COMMON_BLOCKS = YES;
				GCC_OPTIMIZATION_LEVEL = 0;
				GCC_PREPROCESSOR_DEFINITIONS = (
					"DEBUG=1",
					"$(inherited)",
				);
				GCC_WARN_64_TO_32_BIT_CONVERSION = YES;
				GCC_WARN_ABOUT_RETURN_TYPE = YES_ERROR;
				GCC_WARN_UNDECLARED_SELECTOR = YES;
				GCC_WARN_UNINITIALIZED_AUTOS = YES_AGGRESSIVE;
				GCC_WARN_UNUSED_FUNCTION = YES;
				GCC_WARN_UNUSED_VARIABLE = YES;
				IPHONEOS_DEPLOYMENT_TARGET = 16.0;
				MTL_ENABLE_DEBUG_INFO = INCLUDE_SOURCE;
				MTL_FAST_MATH = YES;
				ONLY_ACTIVE_ARCH = YES;
				SDKROOT = iphoneos;
				SWIFT_ACTIVE_COMPILATION_CONDITIONS = DEBUG;
				SWIFT_OPTIMIZATION_LEVEL = "-Onone";
			};
			name = Debug;
		};
		BFE6A5F6296CFA4800140077 /* Release */ = {
			isa = XCBuildConfiguration;
			buildSettings = {
				ALWAYS_SEARCH_USER_PATHS = NO;
				CLANG_ANALYZER_NONNULL = YES;
				CLANG_ANALYZER_NUMBER_OBJECT_CONVERSION = YES_AGGRESSIVE;
				CLANG_CXX_LANGUAGE_STANDARD = "gnu++20";
				CLANG_ENABLE_MODULES = YES;
				CLANG_ENABLE_OBJC_ARC = YES;
				CLANG_ENABLE_OBJC_WEAK = YES;
				CLANG_WARN_BLOCK_CAPTURE_AUTORELEASING = YES;
				CLANG_WARN_BOOL_CONVERSION = YES;
				CLANG_WARN_COMMA = YES;
				CLANG_WARN_CONSTANT_CONVERSION = YES;
				CLANG_WARN_DEPRECATED_OBJC_IMPLEMENTATIONS = YES;
				CLANG_WARN_DIRECT_OBJC_ISA_USAGE = YES_ERROR;
				CLANG_WARN_DOCUMENTATION_COMMENTS = YES;
				CLANG_WARN_EMPTY_BODY = YES;
				CLANG_WARN_ENUM_CONVERSION = YES;
				CLANG_WARN_INFINITE_RECURSION = YES;
				CLANG_WARN_INT_CONVERSION = YES;
				CLANG_WARN_NON_LITERAL_NULL_CONVERSION = YES;
				CLANG_WARN_OBJC_IMPLICIT_RETAIN_SELF = YES;
				CLANG_WARN_OBJC_LITERAL_CONVERSION = YES;
				CLANG_WARN_OBJC_ROOT_CLASS = YES_ERROR;
				CLANG_WARN_QUOTED_INCLUDE_IN_FRAMEWORK_HEADER = YES;
				CLANG_WARN_RANGE_LOOP_ANALYSIS = YES;
				CLANG_WARN_STRICT_PROTOTYPES = YES;
				CLANG_WARN_SUSPICIOUS_MOVE = YES;
				CLANG_WARN_UNGUARDED_AVAILABILITY = YES_AGGRESSIVE;
				CLANG_WARN_UNREACHABLE_CODE = YES;
				CLANG_WARN__DUPLICATE_METHOD_MATCH = YES;
				COPY_PHASE_STRIP = NO;
				DEBUG_INFORMATION_FORMAT = "dwarf-with-dsym";
				ENABLE_NS_ASSERTIONS = NO;
				ENABLE_STRICT_OBJC_MSGSEND = YES;
				GCC_C_LANGUAGE_STANDARD = gnu11;
				GCC_NO_COMMON_BLOCKS = YES;
				GCC_WARN_64_TO_32_BIT_CONVERSION = YES;
				GCC_WARN_ABOUT_RETURN_TYPE = YES_ERROR;
				GCC_WARN_UNDECLARED_SELECTOR = YES;
				GCC_WARN_UNINITIALIZED_AUTOS = YES_AGGRESSIVE;
				GCC_WARN_UNUSED_FUNCTION = YES;
				GCC_WARN_UNUSED_VARIABLE = YES;
				IPHONEOS_DEPLOYMENT_TARGET = 16.0;
				MTL_ENABLE_DEBUG_INFO = NO;
				MTL_FAST_MATH = YES;
				SDKROOT = iphoneos;
				SWIFT_COMPILATION_MODE = wholemodule;
				SWIFT_OPTIMIZATION_LEVEL = "-O";
				VALIDATE_PRODUCT = YES;
			};
			name = Release;
		};
		BFE6A5F8296CFA4800140077 /* Debug */ = {
			isa = XCBuildConfiguration;
			buildSettings = {
				ASSETCATALOG_COMPILER_APPICON_NAME = iOS_app_icon;
				ASSETCATALOG_COMPILER_GLOBAL_ACCENT_COLOR_NAME = AccentColor;
				ASSETCATALOG_COMPILER_INCLUDE_ALL_APPICON_ASSETS = NO;
				CODE_SIGN_STYLE = Automatic;
				CURRENT_PROJECT_VERSION = 1;
				DEVELOPMENT_ASSET_PATHS = "\"ColorLines/Preview Content\"";
				DEVELOPMENT_TEAM = 6N6N73V349;
				ENABLE_PREVIEWS = YES;
				GENERATE_INFOPLIST_FILE = YES;
				INFOPLIST_FILE = ColorLines/Info.plist;
				INFOPLIST_KEY_CFBundleDisplayName = "Lines of Balls";
				INFOPLIST_KEY_LSApplicationCategoryType = "public.app-category.board-games";
				INFOPLIST_KEY_UIApplicationSceneManifest_Generation = YES;
				INFOPLIST_KEY_UIApplicationSupportsIndirectInputEvents = YES;
				INFOPLIST_KEY_UIRequiresFullScreen = NO;
				INFOPLIST_KEY_UISupportedInterfaceOrientations = UIInterfaceOrientationPortrait;
				INFOPLIST_KEY_UISupportedInterfaceOrientations_iPad = "UIInterfaceOrientationLandscapeLeft UIInterfaceOrientationLandscapeRight UIInterfaceOrientationPortrait UIInterfaceOrientationPortraitUpsideDown";
				IPHONEOS_DEPLOYMENT_TARGET = 16.0;
				LD_RUNPATH_SEARCH_PATHS = (
					"$(inherited)",
					"@executable_path/Frameworks",
				);
				MARKETING_VERSION = 1.0;
				PRODUCT_BUNDLE_IDENTIFIER = "com.aleksei.pokolev.color-lines";
				PRODUCT_NAME = "$(TARGET_NAME)";
				SUPPORTED_PLATFORMS = "iphoneos iphonesimulator";
				SUPPORTS_MACCATALYST = NO;
				SUPPORTS_MAC_DESIGNED_FOR_IPHONE_IPAD = NO;
				SWIFT_EMIT_LOC_STRINGS = YES;
				SWIFT_VERSION = 5.0;
				TARGETED_DEVICE_FAMILY = "1,2";
			};
			name = Debug;
		};
		BFE6A5F9296CFA4800140077 /* Release */ = {
			isa = XCBuildConfiguration;
			buildSettings = {
				ASSETCATALOG_COMPILER_APPICON_NAME = iOS_app_icon;
				ASSETCATALOG_COMPILER_GLOBAL_ACCENT_COLOR_NAME = AccentColor;
				ASSETCATALOG_COMPILER_INCLUDE_ALL_APPICON_ASSETS = NO;
				CODE_SIGN_STYLE = Automatic;
				CURRENT_PROJECT_VERSION = 1;
				DEVELOPMENT_ASSET_PATHS = "\"ColorLines/Preview Content\"";
				DEVELOPMENT_TEAM = 6N6N73V349;
				ENABLE_PREVIEWS = YES;
				GENERATE_INFOPLIST_FILE = YES;
				INFOPLIST_FILE = ColorLines/Info.plist;
				INFOPLIST_KEY_CFBundleDisplayName = "Lines of Balls";
				INFOPLIST_KEY_LSApplicationCategoryType = "public.app-category.board-games";
				INFOPLIST_KEY_UIApplicationSceneManifest_Generation = YES;
				INFOPLIST_KEY_UIApplicationSupportsIndirectInputEvents = YES;
				INFOPLIST_KEY_UIRequiresFullScreen = NO;
				INFOPLIST_KEY_UISupportedInterfaceOrientations = UIInterfaceOrientationPortrait;
				INFOPLIST_KEY_UISupportedInterfaceOrientations_iPad = "UIInterfaceOrientationLandscapeLeft UIInterfaceOrientationLandscapeRight UIInterfaceOrientationPortrait UIInterfaceOrientationPortraitUpsideDown";
				IPHONEOS_DEPLOYMENT_TARGET = 16.0;
				LD_RUNPATH_SEARCH_PATHS = (
					"$(inherited)",
					"@executable_path/Frameworks",
				);
				MARKETING_VERSION = 1.0;
				PRODUCT_BUNDLE_IDENTIFIER = "com.aleksei.pokolev.color-lines";
				PRODUCT_NAME = "$(TARGET_NAME)";
				SUPPORTED_PLATFORMS = "iphoneos iphonesimulator";
				SUPPORTS_MACCATALYST = NO;
				SUPPORTS_MAC_DESIGNED_FOR_IPHONE_IPAD = NO;
				SWIFT_EMIT_LOC_STRINGS = YES;
				SWIFT_VERSION = 5.0;
				TARGETED_DEVICE_FAMILY = "1,2";
			};
			name = Release;
		};
/* End XCBuildConfiguration section */

/* Begin XCConfigurationList section */
		BFE6A5E4296CFA4700140077 /* Build configuration list for PBXProject "ColorLines" */ = {
			isa = XCConfigurationList;
			buildConfigurations = (
				BFE6A5F5296CFA4800140077 /* Debug */,
				BFE6A5F6296CFA4800140077 /* Release */,
			);
			defaultConfigurationIsVisible = 0;
			defaultConfigurationName = Release;
		};
		BFE6A5F7296CFA4800140077 /* Build configuration list for PBXNativeTarget "ColorLines" */ = {
			isa = XCConfigurationList;
			buildConfigurations = (
				BFE6A5F8296CFA4800140077 /* Debug */,
				BFE6A5F9296CFA4800140077 /* Release */,
			);
			defaultConfigurationIsVisible = 0;
			defaultConfigurationName = Release;
		};
/* End XCConfigurationList section */
	};
	rootObject = BFE6A5E1296CFA4700140077 /* Project object */;
}
